
Microsoft Visual Studio Solution File, Format Version 12.00
# Visual Studio Version 17
VisualStudioVersion = 17.5.002.0
MinimumVisualStudioVersion = 10.0.40219.1
Project("{9A19103F-16F7-4668-BE54-9A1E7A4F7556}") = "DesafioFundamentos", "DesafioFundamentos.csproj", "{94493825-0914-454C-AA65-3A2B8CA2DCB9}"
EndProject
Global
	GlobalSection(SolutionConfigurationPlatforms) = preSolution
		Debug|Any CPU = Debug|Any CPU
		Release|Any CPU = Release|Any CPU
	EndGlobalSection
	GlobalSection(ProjectConfigurationPlatforms) = postSolution
		{94493825-0914-454C-AA65-3A2B8CA2DCB9}.Debug|Any CPU.ActiveCfg = Debug|Any CPU
		{94493825-0914-454C-AA65-3A2B8CA2DCB9}.Debug|Any CPU.Build.0 = Debug|Any CPU
		{94493825-0914-454C-AA65-3A2B8CA2DCB9}.Release|Any CPU.ActiveCfg = Release|Any CPU
		{94493825-0914-454C-AA65-3A2B8CA2DCB9}.Release|Any CPU.Build.0 = Release|Any CPU
	EndGlobalSection
	GlobalSection(SolutionProperties) = preSolution
		HideSolutionNode = FALSE
	EndGlobalSection
	GlobalSection(ExtensibilityGlobals) = postSolution
		SolutionGuid = {5FEBCCF6-C834-4760-8169-C57F8CB63008}
	EndGlobalSection
EndGlobal
